// !$*UTF8*$!
{
	archiveVersion = 1;
	classes = {
	};
	objectVersion = 50;
	objects = {

/* Begin PBXBuildFile section */
		8430D0DD22C93F0800318749 /* Assets.xcassets in Resources */ = {isa = PBXBuildFile; fileRef = 8430D0D722C93F0800318749 /* Assets.xcassets */; };
		8430D0DE22C93F0800318749 /* SMC.swift in Sources */ = {isa = PBXBuildFile; fileRef = 8430D0D822C93F0800318749 /* SMC.swift */; };
		8430D0E022C93F0800318749 /* AppDelegate.swift in Sources */ = {isa = PBXBuildFile; fileRef = 8430D0DB22C93F0800318749 /* AppDelegate.swift */; };
		8430D0E422C9469500318749 /* SMCStructure.swift in Sources */ = {isa = PBXBuildFile; fileRef = 8430D0E322C9469500318749 /* SMCStructure.swift */; };
		8430D0E622C94A1100318749 /* SMC+Extensions.swift in Sources */ = {isa = PBXBuildFile; fileRef = 8430D0E522C94A1100318749 /* SMC+Extensions.swift */; };
		8481CDC222DF72F700E4C087 /* SMC+CPU.swift in Sources */ = {isa = PBXBuildFile; fileRef = 8481CDC122DF72F700E4C087 /* SMC+CPU.swift */; };
		8481CDC422DF731500E4C087 /* SMC+Fans.swift in Sources */ = {isa = PBXBuildFile; fileRef = 8481CDC322DF731500E4C087 /* SMC+Fans.swift */; };
		8481CDC722DFBD6300E4C087 /* Device.swift in Sources */ = {isa = PBXBuildFile; fileRef = 8481CDC622DFBD6300E4C087 /* Device.swift */; };
		8481CDC922DFC8F000E4C087 /* Temperature.swift in Sources */ = {isa = PBXBuildFile; fileRef = 8481CDC822DFC8F000E4C087 /* Temperature.swift */; };
		8481CDCB22DFC91600E4C087 /* SMC+GPU.swift in Sources */ = {isa = PBXBuildFile; fileRef = 8481CDCA22DFC91600E4C087 /* SMC+GPU.swift */; };
		8481CDCD22DFCCFA00E4C087 /* SMC+Sensor.swift in Sources */ = {isa = PBXBuildFile; fileRef = 8481CDCC22DFCCFA00E4C087 /* SMC+Sensor.swift */; };
		84C31CD6231D6EA500B8A9D5 /* SampleCode.xcconfig in Resources */ = {isa = PBXBuildFile; fileRef = 84C31CD5231D6EA500B8A9D5 /* SampleCode.xcconfig */; };
		84C31CDA231D74E800B8A9D5 /* MainMenu.xib in Resources */ = {isa = PBXBuildFile; fileRef = 84C31CD8231D74E800B8A9D5 /* MainMenu.xib */; };
/* End PBXBuildFile section */

/* Begin PBXFileReference section */
		8430D0C222C93DF900318749 /* smc.app */ = {isa = PBXFileReference; explicitFileType = wrapper.application; includeInIndex = 0; path = smc.app; sourceTree = BUILT_PRODUCTS_DIR; };
		8430D0D622C93F0800318749 /* smc.entitlements */ = {isa = PBXFileReference; fileEncoding = 4; lastKnownFileType = text.plist.entitlements; path = smc.entitlements; sourceTree = "<group>"; };
		8430D0D722C93F0800318749 /* Assets.xcassets */ = {isa = PBXFileReference; lastKnownFileType = folder.assetcatalog; path = Assets.xcassets; sourceTree = "<group>"; };
		8430D0D822C93F0800318749 /* SMC.swift */ = {isa = PBXFileReference; fileEncoding = 4; lastKnownFileType = sourcecode.swift; path = SMC.swift; sourceTree = "<group>"; };
		8430D0DB22C93F0800318749 /* AppDelegate.swift */ = {isa = PBXFileReference; fileEncoding = 4; lastKnownFileType = sourcecode.swift; path = AppDelegate.swift; sourceTree = "<group>"; };
		8430D0DC22C93F0800318749 /* Info.plist */ = {isa = PBXFileReference; fileEncoding = 4; lastKnownFileType = text.plist.xml; path = Info.plist; sourceTree = "<group>"; };
		8430D0E322C9469500318749 /* SMCStructure.swift */ = {isa = PBXFileReference; lastKnownFileType = sourcecode.swift; path = SMCStructure.swift; sourceTree = "<group>"; };
		8430D0E522C94A1100318749 /* SMC+Extensions.swift */ = {isa = PBXFileReference; lastKnownFileType = sourcecode.swift; path = "SMC+Extensions.swift"; sourceTree = "<group>"; };
		8481CDC122DF72F700E4C087 /* SMC+CPU.swift */ = {isa = PBXFileReference; lastKnownFileType = sourcecode.swift; path = "SMC+CPU.swift"; sourceTree = "<group>"; };
		8481CDC322DF731500E4C087 /* SMC+Fans.swift */ = {isa = PBXFileReference; lastKnownFileType = sourcecode.swift; path = "SMC+Fans.swift"; sourceTree = "<group>"; };
		8481CDC622DFBD6300E4C087 /* Device.swift */ = {isa = PBXFileReference; lastKnownFileType = sourcecode.swift; path = Device.swift; sourceTree = "<group>"; };
		8481CDC822DFC8F000E4C087 /* Temperature.swift */ = {isa = PBXFileReference; lastKnownFileType = sourcecode.swift; path = Temperature.swift; sourceTree = "<group>"; };
		8481CDCA22DFC91600E4C087 /* SMC+GPU.swift */ = {isa = PBXFileReference; lastKnownFileType = sourcecode.swift; path = "SMC+GPU.swift"; sourceTree = "<group>"; };
		8481CDCC22DFCCFA00E4C087 /* SMC+Sensor.swift */ = {isa = PBXFileReference; lastKnownFileType = sourcecode.swift; path = "SMC+Sensor.swift"; sourceTree = "<group>"; };
		8481CDCE22DFD9BF00E4C087 /* README.md */ = {isa = PBXFileReference; lastKnownFileType = net.daringfireball.markdown; name = README.md; path = ../README.md; sourceTree = "<group>"; };
		8481CDCF22DFD9C700E4C087 /* LICENSE */ = {isa = PBXFileReference; lastKnownFileType = text; name = LICENSE; path = ../LICENSE; sourceTree = "<group>"; };
		84C31CD5231D6EA500B8A9D5 /* SampleCode.xcconfig */ = {isa = PBXFileReference; fileEncoding = 4; lastKnownFileType = text.xcconfig; path = SampleCode.xcconfig; sourceTree = "<group>"; };
		84C31CD9231D74E800B8A9D5 /* Base */ = {isa = PBXFileReference; lastKnownFileType = file.xib; name = Base; path = Base.lproj/MainMenu.xib; sourceTree = "<group>"; };
/* End PBXFileReference section */

/* Begin PBXFrameworksBuildPhase section */
		8430D0BF22C93DF900318749 /* Frameworks */ = {
			isa = PBXFrameworksBuildPhase;
			buildActionMask = 2147483647;
			files = (
			);
			runOnlyForDeploymentPostprocessing = 0;
		};
/* End PBXFrameworksBuildPhase section */

/* Begin PBXGroup section */
		8430D0B922C93DF900318749 = {
			isa = PBXGroup;
			children = (
				8481CDCE22DFD9BF00E4C087 /* README.md */,
				8481CDCF22DFD9C700E4C087 /* LICENSE */,
				8430D0E222C93F1600318749 /* SMC */,
				8430D0D522C93F0800318749 /* smc-project */,
				8430D0C322C93DF900318749 /* Products */,
			);
			sourceTree = "<group>";
		};
		8430D0C322C93DF900318749 /* Products */ = {
			isa = PBXGroup;
			children = (
				8430D0C222C93DF900318749 /* smc.app */,
			);
			name = Products;
			sourceTree = "<group>";
		};
		8430D0D522C93F0800318749 /* smc-project */ = {
			isa = PBXGroup;
			children = (
				84C31CD4231D6E5A00B8A9D5 /* configuration */,
				8430D0DB22C93F0800318749 /* AppDelegate.swift */,
				84C31CD8231D74E800B8A9D5 /* MainMenu.xib */,
				8430D0D722C93F0800318749 /* Assets.xcassets */,
				8430D0D622C93F0800318749 /* smc.entitlements */,
				8430D0DC22C93F0800318749 /* Info.plist */,
			);
			path = "smc-project";
			sourceTree = "<group>";
		};
		8430D0E222C93F1600318749 /* SMC */ = {
			isa = PBXGroup;
			children = (
				8430D0D822C93F0800318749 /* SMC.swift */,
				8481CDCC22DFCCFA00E4C087 /* SMC+Sensor.swift */,
				8430D0E522C94A1100318749 /* SMC+Extensions.swift */,
				8430D0E322C9469500318749 /* SMCStructure.swift */,
				8481CDC622DFBD6300E4C087 /* Device.swift */,
				8481CDC822DFC8F000E4C087 /* Temperature.swift */,
				84C31CD7231D736F00B8A9D5 /* Hardware */,
			);
			path = SMC;
			sourceTree = "<group>";
		};
		84C31CD4231D6E5A00B8A9D5 /* configuration */ = {
			isa = PBXGroup;
			children = (
				84C31CD5231D6EA500B8A9D5 /* SampleCode.xcconfig */,
			);
			path = configuration;
			sourceTree = "<group>";
		};
		84C31CD7231D736F00B8A9D5 /* Hardware */ = {
			isa = PBXGroup;
			children = (
				8481CDC122DF72F700E4C087 /* SMC+CPU.swift */,
				8481CDCA22DFC91600E4C087 /* SMC+GPU.swift */,
				8481CDC322DF731500E4C087 /* SMC+Fans.swift */,
			);
			path = Hardware;
			sourceTree = "<group>";
		};
/* End PBXGroup section */

/* Begin PBXNativeTarget section */
		8430D0C122C93DF900318749 /* smc */ = {
			isa = PBXNativeTarget;
			buildConfigurationList = 8430D0D022C93DF900318749 /* Build configuration list for PBXNativeTarget "smc" */;
			buildPhases = (
				8430D0BE22C93DF900318749 /* Sources */,
				8430D0BF22C93DF900318749 /* Frameworks */,
				8430D0C022C93DF900318749 /* Resources */,
			);
			buildRules = (
			);
			dependencies = (
			);
			name = smc;
			productName = smc;
			productReference = 8430D0C222C93DF900318749 /* smc.app */;
			productType = "com.apple.product-type.application";
		};
/* End PBXNativeTarget section */

/* Begin PBXProject section */
		8430D0BA22C93DF900318749 /* Project object */ = {
			isa = PBXProject;
			attributes = {
				LastSwiftUpdateCheck = 1020;
				LastUpgradeCheck = 1020;
				ORGANIZATIONNAME = "Daniel Storm";
				TargetAttributes = {
					8430D0C122C93DF900318749 = {
						CreatedOnToolsVersion = 10.2.1;
					};
				};
			};
			buildConfigurationList = 8430D0BD22C93DF900318749 /* Build configuration list for PBXProject "smc" */;
			compatibilityVersion = "Xcode 9.3";
			developmentRegion = en;
			hasScannedForEncodings = 0;
			knownRegions = (
				en,
				Base,
			);
			mainGroup = 8430D0B922C93DF900318749;
			productRefGroup = 8430D0C322C93DF900318749 /* Products */;
			projectDirPath = "";
			projectRoot = "";
			targets = (
				8430D0C122C93DF900318749 /* smc */,
			);
		};
/* End PBXProject section */

/* Begin PBXResourcesBuildPhase section */
		8430D0C022C93DF900318749 /* Resources */ = {
			isa = PBXResourcesBuildPhase;
			buildActionMask = 2147483647;
			files = (
				8430D0DD22C93F0800318749 /* Assets.xcassets in Resources */,
				84C31CD6231D6EA500B8A9D5 /* SampleCode.xcconfig in Resources */,
				84C31CDA231D74E800B8A9D5 /* MainMenu.xib in Resources */,
			);
			runOnlyForDeploymentPostprocessing = 0;
		};
/* End PBXResourcesBuildPhase section */

/* Begin PBXSourcesBuildPhase section */
		8430D0BE22C93DF900318749 /* Sources */ = {
			isa = PBXSourcesBuildPhase;
			buildActionMask = 2147483647;
			files = (
				8481CDCB22DFC91600E4C087 /* SMC+GPU.swift in Sources */,
				8430D0E422C9469500318749 /* SMCStructure.swift in Sources */,
				8430D0E622C94A1100318749 /* SMC+Extensions.swift in Sources */,
				8481CDCD22DFCCFA00E4C087 /* SMC+Sensor.swift in Sources */,
				8481CDC922DFC8F000E4C087 /* Temperature.swift in Sources */,
				8430D0E022C93F0800318749 /* AppDelegate.swift in Sources */,
				8430D0DE22C93F0800318749 /* SMC.swift in Sources */,
				8481CDC222DF72F700E4C087 /* SMC+CPU.swift in Sources */,
				8481CDC722DFBD6300E4C087 /* Device.swift in Sources */,
				8481CDC422DF731500E4C087 /* SMC+Fans.swift in Sources */,
			);
			runOnlyForDeploymentPostprocessing = 0;
		};
/* End PBXSourcesBuildPhase section */

/* Begin PBXVariantGroup section */
		84C31CD8231D74E800B8A9D5 /* MainMenu.xib */ = {
			isa = PBXVariantGroup;
			children = (
				84C31CD9231D74E800B8A9D5 /* Base */,
			);
			name = MainMenu.xib;
			sourceTree = "<group>";
		};
/* End PBXVariantGroup section */

/* Begin XCBuildConfiguration section */
		8430D0CE22C93DF900318749 /* Debug */ = {
			isa = XCBuildConfiguration;
			baseConfigurationReference = 84C31CD5231D6EA500B8A9D5 /* SampleCode.xcconfig */;
			buildSettings = {
				ALWAYS_SEARCH_USER_PATHS = NO;
				CLANG_ANALYZER_NONNULL = YES;
				CLANG_ANALYZER_NUMBER_OBJECT_CONVERSION = YES_AGGRESSIVE;
				CLANG_CXX_LANGUAGE_STANDARD = "gnu++14";
				CLANG_CXX_LIBRARY = "libc++";
				CLANG_ENABLE_MODULES = YES;
				CLANG_ENABLE_OBJC_ARC = YES;
				CLANG_ENABLE_OBJC_WEAK = YES;
				CLANG_WARN_BLOCK_CAPTURE_AUTORELEASING = YES;
				CLANG_WARN_BOOL_CONVERSION = YES;
				CLANG_WARN_COMMA = YES;
				CLANG_WARN_CONSTANT_CONVERSION = YES;
				CLANG_WARN_DEPRECATED_OBJC_IMPLEMENTATIONS = YES;
				CLANG_WARN_DIRECT_OBJC_ISA_USAGE = YES_ERROR;
				CLANG_WARN_DOCUMENTATION_COMMENTS = YES;
				CLANG_WARN_EMPTY_BODY = YES;
				CLANG_WARN_ENUM_CONVERSION = YES;
				CLANG_WARN_INFINITE_RECURSION = YES;
				CLANG_WARN_INT_CONVERSION = YES;
				CLANG_WARN_NON_LITERAL_NULL_CONVERSION = YES;
				CLANG_WARN_OBJC_IMPLICIT_RETAIN_SELF = YES;
				CLANG_WARN_OBJC_LITERAL_CONVERSION = YES;
				CLANG_WARN_OBJC_ROOT_CLASS = YES_ERROR;
				CLANG_WARN_RANGE_LOOP_ANALYSIS = YES;
				CLANG_WARN_STRICT_PROTOTYPES = YES;
				CLANG_WARN_SUSPICIOUS_MOVE = YES;
				CLANG_WARN_UNGUARDED_AVAILABILITY = YES_AGGRESSIVE;
				CLANG_WARN_UNREACHABLE_CODE = YES;
				CLANG_WARN__DUPLICATE_METHOD_MATCH = YES;
				CODE_SIGN_IDENTITY = "Mac Developer";
				COPY_PHASE_STRIP = NO;
				DEBUG_INFORMATION_FORMAT = dwarf;
				ENABLE_STRICT_OBJC_MSGSEND = YES;
				ENABLE_TESTABILITY = YES;
				GCC_C_LANGUAGE_STANDARD = gnu11;
				GCC_DYNAMIC_NO_PIC = NO;
				GCC_NO_COMMON_BLOCKS = YES;
				GCC_OPTIMIZATION_LEVEL = 0;
				GCC_PREPROCESSOR_DEFINITIONS = (
					"DEBUG=1",
					"$(inherited)",
				);
				GCC_WARN_64_TO_32_BIT_CONVERSION = YES;
				GCC_WARN_ABOUT_RETURN_TYPE = YES_ERROR;
				GCC_WARN_UNDECLARED_SELECTOR = YES;
				GCC_WARN_UNINITIALIZED_AUTOS = YES_AGGRESSIVE;
				GCC_WARN_UNUSED_FUNCTION = YES;
				GCC_WARN_UNUSED_VARIABLE = YES;
				MACOSX_DEPLOYMENT_TARGET = 10.14;
				MTL_ENABLE_DEBUG_INFO = INCLUDE_SOURCE;
				MTL_FAST_MATH = YES;
				ONLY_ACTIVE_ARCH = YES;
				SDKROOT = macosx;
				SWIFT_ACTIVE_COMPILATION_CONDITIONS = DEBUG;
				SWIFT_OPTIMIZATION_LEVEL = "-Onone";
			};
			name = Debug;
		};
		8430D0CF22C93DF900318749 /* Release */ = {
			isa = XCBuildConfiguration;
			baseConfigurationReference = 84C31CD5231D6EA500B8A9D5 /* SampleCode.xcconfig */;
			buildSettings = {
				ALWAYS_SEARCH_USER_PATHS = NO;
				CLANG_ANALYZER_NONNULL = YES;
				CLANG_ANALYZER_NUMBER_OBJECT_CONVERSION = YES_AGGRESSIVE;
				CLANG_CXX_LANGUAGE_STANDARD = "gnu++14";
				CLANG_CXX_LIBRARY = "libc++";
				CLANG_ENABLE_MODULES = YES;
				CLANG_ENABLE_OBJC_ARC = YES;
				CLANG_ENABLE_OBJC_WEAK = YES;
				CLANG_WARN_BLOCK_CAPTURE_AUTORELEASING = YES;
				CLANG_WARN_BOOL_CONVERSION = YES;
				CLANG_WARN_COMMA = YES;
				CLANG_WARN_CONSTANT_CONVERSION = YES;
				CLANG_WARN_DEPRECATED_OBJC_IMPLEMENTATIONS = YES;
				CLANG_WARN_DIRECT_OBJC_ISA_USAGE = YES_ERROR;
				CLANG_WARN_DOCUMENTATION_COMMENTS = YES;
				CLANG_WARN_EMPTY_BODY = YES;
				CLANG_WARN_ENUM_CONVERSION = YES;
				CLANG_WARN_INFINITE_RECURSION = YES;
				CLANG_WARN_INT_CONVERSION = YES;
				CLANG_WARN_NON_LITERAL_NULL_CONVERSION = YES;
				CLANG_WARN_OBJC_IMPLICIT_RETAIN_SELF = YES;
				CLANG_WARN_OBJC_LITERAL_CONVERSION = YES;
				CLANG_WARN_OBJC_ROOT_CLASS = YES_ERROR;
				CLANG_WARN_RANGE_LOOP_ANALYSIS = YES;
				CLANG_WARN_STRICT_PROTOTYPES = YES;
				CLANG_WARN_SUSPICIOUS_MOVE = YES;
				CLANG_WARN_UNGUARDED_AVAILABILITY = YES_AGGRESSIVE;
				CLANG_WARN_UNREACHABLE_CODE = YES;
				CLANG_WARN__DUPLICATE_METHOD_MATCH = YES;
				CODE_SIGN_IDENTITY = "Mac Developer";
				COPY_PHASE_STRIP = NO;
				DEBUG_INFORMATION_FORMAT = "dwarf-with-dsym";
				ENABLE_NS_ASSERTIONS = NO;
				ENABLE_STRICT_OBJC_MSGSEND = YES;
				GCC_C_LANGUAGE_STANDARD = gnu11;
				GCC_NO_COMMON_BLOCKS = YES;
				GCC_WARN_64_TO_32_BIT_CONVERSION = YES;
				GCC_WARN_ABOUT_RETURN_TYPE = YES_ERROR;
				GCC_WARN_UNDECLARED_SELECTOR = YES;
				GCC_WARN_UNINITIALIZED_AUTOS = YES_AGGRESSIVE;
				GCC_WARN_UNUSED_FUNCTION = YES;
				GCC_WARN_UNUSED_VARIABLE = YES;
				MACOSX_DEPLOYMENT_TARGET = 10.14;
				MTL_ENABLE_DEBUG_INFO = NO;
				MTL_FAST_MATH = YES;
				SDKROOT = macosx;
				SWIFT_COMPILATION_MODE = wholemodule;
				SWIFT_OPTIMIZATION_LEVEL = "-O";
			};
			name = Release;
		};
		8430D0D122C93DF900318749 /* Debug */ = {
			isa = XCBuildConfiguration;
			baseConfigurationReference = 84C31CD5231D6EA500B8A9D5 /* SampleCode.xcconfig */;
			buildSettings = {
				ASSETCATALOG_COMPILER_APPICON_NAME = AppIcon;
				CODE_SIGN_ENTITLEMENTS = "smc-project/smc.entitlements";
				CODE_SIGN_IDENTITY = "Mac Developer";
				CODE_SIGN_STYLE = Automatic;
				COMBINE_HIDPI_IMAGES = YES;
				DEVELOPMENT_TEAM = E5BK5K7RRN;
				INFOPLIST_FILE = "$(SRCROOT)/smc-project/Info.plist";
				LD_RUNPATH_SEARCH_PATHS = (
					"$(inherited)",
					"@executable_path/../Frameworks",
				);
				MACOSX_DEPLOYMENT_TARGET = 10.12;
				PRODUCT_BUNDLE_IDENTIFIER = "com.danielstorm.smc.${SAMPLE_CODE_DISAMBIGUATOR}";
				PRODUCT_NAME = "$(TARGET_NAME)";
				PROVISIONING_PROFILE_SPECIFIER = "";
				SWIFT_VERSION = 5.0;
			};
			name = Debug;
		};
		8430D0D222C93DF900318749 /* Release */ = {
			isa = XCBuildConfiguration;
			baseConfigurationReference = 84C31CD5231D6EA500B8A9D5 /* SampleCode.xcconfig */;
			buildSettings = {
				ASSETCATALOG_COMPILER_APPICON_NAME = AppIcon;
				CODE_SIGN_ENTITLEMENTS = "smc-project/smc.entitlements";
				CODE_SIGN_IDENTITY = "Mac Developer";
				CODE_SIGN_STYLE = Automatic;
				COMBINE_HIDPI_IMAGES = YES;
				DEVELOPMENT_TEAM = E5BK5K7RRN;
				INFOPLIST_FILE = "$(SRCROOT)/smc-project/Info.plist";
				LD_RUNPATH_SEARCH_PATHS = (
					"$(inherited)",
					"@executable_path/../Frameworks",
				);
				MACOSX_DEPLOYMENT_TARGET = 10.12;
				PRODUCT_BUNDLE_IDENTIFIER = "com.danielstorm.smc.${SAMPLE_CODE_DISAMBIGUATOR}";
				PRODUCT_NAME = "$(TARGET_NAME)";
				PROVISIONING_PROFILE_SPECIFIER = "";
				SWIFT_VERSION = 5.0;
			};
			name = Release;
		};
/* End XCBuildConfiguration section */

/* Begin XCConfigurationList section */
		8430D0BD22C93DF900318749 /* Build configuration list for PBXProject "smc" */ = {
			isa = XCConfigurationList;
			buildConfigurations = (
				8430D0CE22C93DF900318749 /* Debug */,
				8430D0CF22C93DF900318749 /* Release */,
			);
			defaultConfigurationIsVisible = 0;
			defaultConfigurationName = Release;
		};
		8430D0D022C93DF900318749 /* Build configuration list for PBXNativeTarget "smc" */ = {
			isa = XCConfigurationList;
			buildConfigurations = (
				8430D0D122C93DF900318749 /* Debug */,
				8430D0D222C93DF900318749 /* Release */,
			);
			defaultConfigurationIsVisible = 0;
			defaultConfigurationName = Release;
		};
/* End XCConfigurationList section */
	};
	rootObject = 8430D0BA22C93DF900318749 /* Project object */;
}
